
Microsoft Visual Studio Solution File, Format Version 12.00
# Visual Studio Version 16
VisualStudioVersion = 16.0.29215.179
MinimumVisualStudioVersion = 10.0.40219.1
Project("{FAE04EC0-301F-11D3-BF4B-00C04F79EFBC}") = "DATAORM", "DATAORM\DATAORM.csproj", "{6AB4F002-0210-4466-9138-1DF95E0657FC}"
EndProject
Global
	GlobalSection(SolutionConfigurationPlatforms) = preSolution
		Debug|Any CPU = Debug|Any CPU
		Release|Any CPU = Release|Any CPU
	EndGlobalSection
	GlobalSection(ProjectConfigurationPlatforms) = postSolution
		{6AB4F002-0210-4466-9138-1DF95E0657FC}.Debug|Any CPU.ActiveCfg = Debug|Any CPU
		{6AB4F002-0210-4466-9138-1DF95E0657FC}.Debug|Any CPU.Build.0 = Debug|Any CPU
		{6AB4F002-0210-4466-9138-1DF95E0657FC}.Release|Any CPU.ActiveCfg = Release|Any CPU
		{6AB4F002-0210-4466-9138-1DF95E0657FC}.Release|Any CPU.Build.0 = Release|Any CPU
	EndGlobalSection
	GlobalSection(SolutionProperties) = preSolution
		HideSolutionNode = FALSE
	EndGlobalSection
	GlobalSection(ExtensibilityGlobals) = postSolution
		SolutionGuid = {486474C0-21AF-42A1-9080-22E3CD99604B}
	EndGlobalSection
EndGlobal
